
Microsoft Visual Studio Solution File, Format Version 12.00
# Visual Studio Version 16
VisualStudioVersion = 16.0.29920.165
MinimumVisualStudioVersion = 10.0.40219.1
Project("{FAE04EC0-301F-11D3-BF4B-00C04F79EFBC}") = "TestMaximum", "TestMaximum.csproj", "{C7FC4607-3E25-4B39-A1F3-6BF7A222D03E}"
EndProject
Project("{FAE04EC0-301F-11D3-BF4B-00C04F79EFBC}") = "Maximum", "..\Maximum\Maximum.csproj", "{DFF6518B-0AB8-460C-81A7-F94A2339504A}"
EndProject
Global
	GlobalSection(SolutionConfigurationPlatforms) = preSolution
		Debug|Any CPU = Debug|Any CPU
		Release|Any CPU = Release|Any CPU
	EndGlobalSection
	GlobalSection(ProjectConfigurationPlatforms) = postSolution
		{C7FC4607-3E25-4B39-A1F3-6BF7A222D03E}.Debug|Any CPU.ActiveCfg = Debug|Any CPU
		{C7FC4607-3E25-4B39-A1F3-6BF7A222D03E}.Debug|Any CPU.Build.0 = Debug|Any CPU
		{C7FC4607-3E25-4B39-A1F3-6BF7A222D03E}.Release|Any CPU.ActiveCfg = Release|Any CPU
		{C7FC4607-3E25-4B39-A1F3-6BF7A222D03E}.Release|Any CPU.Build.0 = Release|Any CPU
		{DFF6518B-0AB8-460C-81A7-F94A2339504A}.Debug|Any CPU.ActiveCfg = Debug|Any CPU
		{DFF6518B-0AB8-460C-81A7-F94A2339504A}.Debug|Any CPU.Build.0 = Debug|Any CPU
		{DFF6518B-0AB8-460C-81A7-F94A2339504A}.Release|Any CPU.ActiveCfg = Release|Any CPU
		{DFF6518B-0AB8-460C-81A7-F94A2339504A}.Release|Any CPU.Build.0 = Release|Any CPU
	EndGlobalSection
	GlobalSection(SolutionProperties) = preSolution
		HideSolutionNode = FALSE
	EndGlobalSection
	GlobalSection(ExtensibilityGlobals) = postSolution
		SolutionGuid = {5ECDC065-95E4-4CB8-92CB-B9815FF8A64A}
	EndGlobalSection
EndGlobal
